
Microsoft Visual Studio Solution File, Format Version 12.00
# Visual Studio Version 17
VisualStudioVersion = 17.13.36105.23 d17.13
MinimumVisualStudioVersion = 10.0.40219.1
Project("{FAE04EC0-301F-11D3-BF4B-00C04F79EFBC}") = "BlazorStandaloneApp", "BlazorStandaloneApp\BlazorStandaloneApp.csproj", "{53E77BBD-D74E-46F9-B009-52BA08F4A9F3}"
EndProject
Global
	GlobalSection(SolutionConfigurationPlatforms) = preSolution
		Debug|Any CPU = Debug|Any CPU
		Release|Any CPU = Release|Any CPU
	EndGlobalSection
	GlobalSection(ProjectConfigurationPlatforms) = postSolution
		{53E77BBD-D74E-46F9-B009-52BA08F4A9F3}.Debug|Any CPU.ActiveCfg = Debug|Any CPU
		{53E77BBD-D74E-46F9-B009-52BA08F4A9F3}.Debug|Any CPU.Build.0 = Debug|Any CPU
		{53E77BBD-D74E-46F9-B009-52BA08F4A9F3}.Release|Any CPU.ActiveCfg = Release|Any CPU
		{53E77BBD-D74E-46F9-B009-52BA08F4A9F3}.Release|Any CPU.Build.0 = Release|Any CPU
	EndGlobalSection
	GlobalSection(SolutionProperties) = preSolution
		HideSolutionNode = FALSE
	EndGlobalSection
	GlobalSection(ExtensibilityGlobals) = postSolution
		SolutionGuid = {0DDBD0D7-EC72-4BEB-8F93-DF074DE8986A}
	EndGlobalSection
EndGlobal
